// !$*UTF8*$!
{
	archiveVersion = 1;
	classes = {
	};
	objectVersion = 54;
	objects = {

/* Begin PBXBuildFile section */
		232163F8197F2153CFDF034D /* Pods_MQTTClientNativeTests.framework in Frameworks */ = {isa = PBXBuildFile; fileRef = E613E38FE1CDE52A4CB81B2F /* Pods_MQTTClientNativeTests.framework */; };
		840716531BBEF19E00FBB3CB /* MQTTClientTests.m in Sources */ = {isa = PBXBuildFile; fileRef = 846191491883E56800101409 /* MQTTClientTests.m */; };
		840716541BBEF19E00FBB3CB /* MQTTTestMultiThreading.m in Sources */ = {isa = PBXBuildFile; fileRef = 84B1AFED196C7AF60056B959 /* MQTTTestMultiThreading.m */; };
		840716551BBEF19E00FBB3CB /* MQTTACLTests.m in Sources */ = {isa = PBXBuildFile; fileRef = 844C93AA1A81645D00CA4A03 /* MQTTACLTests.m */; };
		840716561BBEF19E00FBB3CB /* MQTTClientOnlyTests.m in Sources */ = {isa = PBXBuildFile; fileRef = 848BB8F2195FF7A2004FCAE2 /* MQTTClientOnlyTests.m */; };
		840716581BBEF19E00FBB3CB /* MQTTClientPublishTests.m in Sources */ = {isa = PBXBuildFile; fileRef = 840785A818A2AA26009158D5 /* MQTTClientPublishTests.m */; };
		840716591BBEF19E00FBB3CB /* MQTTTestSessionManager.m in Sources */ = {isa = PBXBuildFile; fileRef = 8429773E1B87CEF600A119FB /* MQTTTestSessionManager.m */; };
		841D3510209A11F20084FCD0 /* MQTTTransport.m in Sources */ = {isa = PBXBuildFile; fileRef = 84A592131C3C5343008C5199 /* MQTTTransport.m */; };
		841D3518209A11F20084FCD0 /* MQTTDecoder.m in Sources */ = {isa = PBXBuildFile; fileRef = 846191E81883E8B900101409 /* MQTTDecoder.m */; };
		841D3519209A11F20084FCD0 /* MQTTProperties.m in Sources */ = {isa = PBXBuildFile; fileRef = 84E2C4561EC34E8500BC02CE /* MQTTProperties.m */; };
		841D351A209A11F20084FCD0 /* MQTTWill.m in Sources */ = {isa = PBXBuildFile; fileRef = 849C12B21F81485B00308ED2 /* MQTTWill.m */; };
		841D351B209A11F20084FCD0 /* MQTTMessage.m in Sources */ = {isa = PBXBuildFile; fileRef = 846191EA1883E8B900101409 /* MQTTMessage.m */; };
		841D351C209A11F20084FCD0 /* MQTTSession.m in Sources */ = {isa = PBXBuildFile; fileRef = 846191EB1883E8B900101409 /* MQTTSession.m */; };
		841D351D209A11F20084FCD0 /* MQTTCoreDataPersistence.m in Sources */ = {isa = PBXBuildFile; fileRef = 841D0A8A1C358785006A82DC /* MQTTCoreDataPersistence.m */; };
		841D351E209A11F20084FCD0 /* MQTTInMemoryPersistence.m in Sources */ = {isa = PBXBuildFile; fileRef = 841D0A8E1C358793006A82DC /* MQTTInMemoryPersistence.m */; };
		841D351F209A11F20084FCD0 /* MQTTLog.m in Sources */ = {isa = PBXBuildFile; fileRef = C7E397981F0F71F1000C512E /* MQTTLog.m */; };
		841D3520209A11F20084FCD0 /* MQTTStrict.m in Sources */ = {isa = PBXBuildFile; fileRef = 840D3CEA1F264AD00072019B /* MQTTStrict.m */; };
		841D3521209A12040084FCD0 /* main.m in Sources */ = {isa = PBXBuildFile; fileRef = 841AA0831F5B4D9200E97CE1 /* main.m */; };
		842AF2AA1ECF297C000F77D8 /* MQTTv5Tests.m in Sources */ = {isa = PBXBuildFile; fileRef = 842AF2A71ECF2973000F77D8 /* MQTTv5Tests.m */; };
		843713551E41E80500868093 /* client.p12 in Resources */ = {isa = PBXBuildFile; fileRef = 843713531E41E6B800868093 /* client.p12 */; };
		84467D9D20D0ED400085C314 /* MQTTv5SessionExpiry.m in Sources */ = {isa = PBXBuildFile; fileRef = 84467D9A20D0EA1E0085C314 /* MQTTv5SessionExpiry.m */; };
		84517CF61C182F06006FE09B /* MQTTTestHelpers.m in Sources */ = {isa = PBXBuildFile; fileRef = 84517CF31C182F06006FE09B /* MQTTTestHelpers.m */; };
		8459F18222187CBA0047A1BE /* MQTTv5SharedSubcriptions.m in Sources */ = {isa = PBXBuildFile; fileRef = 8459F17F22187CBA0047A1BE /* MQTTv5SharedSubcriptions.m */; };
		847FB2252549E9F7001963B6 /* MQTTTestFlows.m in Sources */ = {isa = PBXBuildFile; fileRef = 84C845A31BDD8DB400FEC354 /* MQTTTestFlows.m */; };
		847FB22E2549E9FB001963B6 /* MQTTClientSubscriptionTests.m in Sources */ = {isa = PBXBuildFile; fileRef = C21D3C6E1B1EBB0E0012DD2F /* MQTTClientSubscriptionTests.m */; };
		847FB2372549EA00001963B6 /* MQTTTestMultiThreading.m in Sources */ = {isa = PBXBuildFile; fileRef = 84B1AFED196C7AF60056B959 /* MQTTTestMultiThreading.m */; };
		847FB2382549EA03001963B6 /* MQTTACLTests.m in Sources */ = {isa = PBXBuildFile; fileRef = 844C93AA1A81645D00CA4A03 /* MQTTACLTests.m */; };
		847FB2412549EA06001963B6 /* MQTTClientOnlyTests.m in Sources */ = {isa = PBXBuildFile; fileRef = 848BB8F2195FF7A2004FCAE2 /* MQTTClientOnlyTests.m */; };
		847FB24A2549EA09001963B6 /* MQTTClientPublishTests.m in Sources */ = {isa = PBXBuildFile; fileRef = 840785A818A2AA26009158D5 /* MQTTClientPublishTests.m */; };
		847FB2532549EA0B001963B6 /* MQTTTestSessionManager.m in Sources */ = {isa = PBXBuildFile; fileRef = 8429773E1B87CEF600A119FB /* MQTTTestSessionManager.m */; };
		847FB25C2549EA0E001963B6 /* MQTTv5ExtendedAuth.m in Sources */ = {isa = PBXBuildFile; fileRef = 8489530F20DAB8930014055D /* MQTTv5ExtendedAuth.m */; };
		847FB2652549EA11001963B6 /* MQTTv5SubscriptionOptions.m in Sources */ = {isa = PBXBuildFile; fileRef = 84C52C0B21062A7F00C7BDDE /* MQTTv5SubscriptionOptions.m */; };
		847FB26E2549EA13001963B6 /* MQTTv5SessionExpiry.m in Sources */ = {isa = PBXBuildFile; fileRef = 84467D9A20D0EA1E0085C314 /* MQTTv5SessionExpiry.m */; };
		847FB2772549EA16001963B6 /* MQTTv5SubscriptionIdentifiers.m in Sources */ = {isa = PBXBuildFile; fileRef = 8489531520DE76620014055D /* MQTTv5SubscriptionIdentifiers.m */; };
		847FB2802549EA19001963B6 /* MQTTv5SharedSubcriptions.m in Sources */ = {isa = PBXBuildFile; fileRef = 8459F17F22187CBA0047A1BE /* MQTTv5SharedSubcriptions.m */; };
		847FB2892549EA1B001963B6 /* MQTTv5Tests.m in Sources */ = {isa = PBXBuildFile; fileRef = 842AF2A71ECF2973000F77D8 /* MQTTv5Tests.m */; };
		847FB28A2549EA1E001963B6 /* MQTTv5TopicAliases.m in Sources */ = {isa = PBXBuildFile; fileRef = 84C52C11210750AE00C7BDDE /* MQTTv5TopicAliases.m */; };
		847FB2932549EA21001963B6 /* ReconnectTimerTests.m in Sources */ = {isa = PBXBuildFile; fileRef = C7515EB61F4C51A00071CFFE /* ReconnectTimerTests.m */; };
		847FB29C2549EA23001963B6 /* MQTTSessionTests.m in Sources */ = {isa = PBXBuildFile; fileRef = C74489951FA74D58002751B2 /* MQTTSessionTests.m */; };
		8489531220DAB8930014055D /* MQTTv5ExtendedAuth.m in Sources */ = {isa = PBXBuildFile; fileRef = 8489530F20DAB8930014055D /* MQTTv5ExtendedAuth.m */; };
		8489531820DE76620014055D /* MQTTv5SubscriptionIdentifiers.m in Sources */ = {isa = PBXBuildFile; fileRef = 8489531520DE76620014055D /* MQTTv5SubscriptionIdentifiers.m */; };
		84B0CDA323994BA700CE9305 /* MQTTNWTransport.m in Sources */ = {isa = PBXBuildFile; fileRef = 84FFAF69234333FC00B2CDCE /* MQTTNWTransport.m */; };
		84BE34921C349063007EF8F3 /* MQTTTestHelpers.plist in Resources */ = {isa = PBXBuildFile; fileRef = 84BE348F1C348BFD007EF8F3 /* MQTTTestHelpers.plist */; };
		84C294AD25A3527C00C25CEA /* MQTTTLSTests.m in Sources */ = {isa = PBXBuildFile; fileRef = 84C294AC25A3527C00C25CEA /* MQTTTLSTests.m */; };
		84C294AF25A3527C00C25CEA /* MQTTTLSTests.m in Sources */ = {isa = PBXBuildFile; fileRef = 84C294AC25A3527C00C25CEA /* MQTTTLSTests.m */; };
		84C386D72549E5F300177792 /* MQTTTestHelpers.m in Sources */ = {isa = PBXBuildFile; fileRef = 84517CF31C182F06006FE09B /* MQTTTestHelpers.m */; };
		84C386E12549E5F700177792 /* MQTTTestHelpers.plist in Resources */ = {isa = PBXBuildFile; fileRef = 84BE348F1C348BFD007EF8F3 /* MQTTTestHelpers.plist */; };
		84C386E22549E5FD00177792 /* MQTTClientTests.m in Sources */ = {isa = PBXBuildFile; fileRef = 846191491883E56800101409 /* MQTTClientTests.m */; };
		84C52C0E21062A7F00C7BDDE /* MQTTv5SubscriptionOptions.m in Sources */ = {isa = PBXBuildFile; fileRef = 84C52C0B21062A7F00C7BDDE /* MQTTv5SubscriptionOptions.m */; };
		84C52C14210750AE00C7BDDE /* MQTTv5TopicAliases.m in Sources */ = {isa = PBXBuildFile; fileRef = 84C52C11210750AE00C7BDDE /* MQTTv5TopicAliases.m */; };
		84C845A61BDD8DE300FEC354 /* MQTTTestFlows.m in Sources */ = {isa = PBXBuildFile; fileRef = 84C845A31BDD8DB400FEC354 /* MQTTTestFlows.m */; };
		84FED2171C35515800741A77 /* MQTTClientSubscriptionTests.m in Sources */ = {isa = PBXBuildFile; fileRef = C21D3C6E1B1EBB0E0012DD2F /* MQTTClientSubscriptionTests.m */; };
		C74489981FA74D58002751B2 /* MQTTSessionTests.m in Sources */ = {isa = PBXBuildFile; fileRef = C74489951FA74D58002751B2 /* MQTTSessionTests.m */; };
		C7515EB91F4C51A60071CFFE /* ReconnectTimerTests.m in Sources */ = {isa = PBXBuildFile; fileRef = C7515EB61F4C51A00071CFFE /* ReconnectTimerTests.m */; };
		ED9BF39EB148555C4954F9D8 /* Pods_MQTTClientOSXTests.framework in Frameworks */ = {isa = PBXBuildFile; fileRef = 78BF03FA6C475089D4739945 /* Pods_MQTTClientOSXTests.framework */; };
/* End PBXBuildFile section */

/* Begin PBXCopyFilesBuildPhase section */
		84BC2ADB1FFF653C0089EC95 /* CopyFiles */ = {
			isa = PBXCopyFilesBuildPhase;
			buildActionMask = 2147483647;
			dstPath = /usr/share/man/man1/;
			dstSubfolderSpec = 0;
			files = (
			);
			runOnlyForDeploymentPostprocessing = 1;
		};
/* End PBXCopyFilesBuildPhase section */

/* Begin PBXFileReference section */
		1B4E589454DB2F55507EF5BD /* Pods-MQTTClientOSXTests.release.xcconfig */ = {isa = PBXFileReference; includeInIndex = 1; lastKnownFileType = text.xcconfig; name = "Pods-MQTTClientOSXTests.release.xcconfig"; path = "Target Support Files/Pods-MQTTClientOSXTests/Pods-MQTTClientOSXTests.release.xcconfig"; sourceTree = "<group>"; };
		1F99A03C2C01122FA52BF2E2 /* Pods-MQTTClientOSXTests.debug.xcconfig */ = {isa = PBXFileReference; includeInIndex = 1; lastKnownFileType = text.xcconfig; name = "Pods-MQTTClientOSXTests.debug.xcconfig"; path = "Target Support Files/Pods-MQTTClientOSXTests/Pods-MQTTClientOSXTests.debug.xcconfig"; sourceTree = "<group>"; };
		2A9F9A6980FED986C85AB7CA /* Pods-MQTTClientNativeTests.release.xcconfig */ = {isa = PBXFileReference; includeInIndex = 1; lastKnownFileType = text.xcconfig; name = "Pods-MQTTClientNativeTests.release.xcconfig"; path = "Target Support Files/Pods-MQTTClientNativeTests/Pods-MQTTClientNativeTests.release.xcconfig"; sourceTree = "<group>"; };
		78BF03FA6C475089D4739945 /* Pods_MQTTClientOSXTests.framework */ = {isa = PBXFileReference; explicitFileType = wrapper.framework; includeInIndex = 0; path = Pods_MQTTClientOSXTests.framework; sourceTree = BUILT_PRODUCTS_DIR; };
		840507C2193DCE4B002EBBD2 /* CFNetwork.framework */ = {isa = PBXFileReference; lastKnownFileType = wrapper.framework; name = CFNetwork.framework; path = System/Library/Frameworks/CFNetwork.framework; sourceTree = SDKROOT; };
		840507C4193DCF2E002EBBD2 /* UIKit.framework */ = {isa = PBXFileReference; lastKnownFileType = wrapper.framework; name = UIKit.framework; path = System/Library/Frameworks/UIKit.framework; sourceTree = SDKROOT; };
		840716321BBEF13A00FBB3CB /* MQTTClientOSXTests.xctest */ = {isa = PBXFileReference; explicitFileType = wrapper.cfbundle; includeInIndex = 0; path = MQTTClientOSXTests.xctest; sourceTree = BUILT_PRODUCTS_DIR; };
		840716361BBEF13A00FBB3CB /* Info.plist */ = {isa = PBXFileReference; lastKnownFileType = text.plist.xml; path = Info.plist; sourceTree = "<group>"; };
		8407163D1BBEF16E00FBB3CB /* CFNetwork.framework */ = {isa = PBXFileReference; lastKnownFileType = wrapper.framework; name = CFNetwork.framework; path = Platforms/MacOSX.platform/Developer/SDKs/MacOSX10.11.sdk/System/Library/Frameworks/CFNetwork.framework; sourceTree = DEVELOPER_DIR; };
		8407163F1BBEF17600FBB3CB /* Foundation.framework */ = {isa = PBXFileReference; lastKnownFileType = wrapper.framework; name = Foundation.framework; path = Platforms/MacOSX.platform/Developer/SDKs/MacOSX10.11.sdk/System/Library/Frameworks/Foundation.framework; sourceTree = DEVELOPER_DIR; };
		840785A818A2AA26009158D5 /* MQTTClientPublishTests.m */ = {isa = PBXFileReference; fileEncoding = 4; lastKnownFileType = sourcecode.c.objc; path = MQTTClientPublishTests.m; sourceTree = "<group>"; };
		840D3CE91F264AD00072019B /* MQTTStrict.h */ = {isa = PBXFileReference; fileEncoding = 4; lastKnownFileType = sourcecode.c.h; path = MQTTStrict.h; sourceTree = "<group>"; };
		840D3CEA1F264AD00072019B /* MQTTStrict.m */ = {isa = PBXFileReference; fileEncoding = 4; lastKnownFileType = sourcecode.c.objc; path = MQTTStrict.m; sourceTree = "<group>"; };
		84100A1C23ABF0E800FC2361 /* CoreData.framework */ = {isa = PBXFileReference; lastKnownFileType = wrapper.framework; name = CoreData.framework; path = Platforms/WatchOS.platform/Developer/SDKs/WatchOS6.1.sdk/System/Library/Frameworks/CoreData.framework; sourceTree = DEVELOPER_DIR; };
		84100A1E23ABF0FE00FC2361 /* Network.framework */ = {isa = PBXFileReference; lastKnownFileType = wrapper.framework; name = Network.framework; path = Platforms/WatchOS.platform/Developer/SDKs/WatchOS6.1.sdk/System/Library/Frameworks/Network.framework; sourceTree = DEVELOPER_DIR; };
		84100A2023ABF10E00FC2361 /* Foundation.framework */ = {isa = PBXFileReference; lastKnownFileType = wrapper.framework; name = Foundation.framework; path = Platforms/WatchOS.platform/Developer/SDKs/WatchOS6.1.sdk/System/Library/Frameworks/Foundation.framework; sourceTree = DEVELOPER_DIR; };
		84141A5C1C12315C00CBD3B9 /* libicucore.tbd */ = {isa = PBXFileReference; lastKnownFileType = "sourcecode.text-based-dylib-definition"; name = libicucore.tbd; path = Platforms/MacOSX.platform/Developer/SDKs/MacOSX10.11.sdk/usr/lib/libicucore.tbd; sourceTree = DEVELOPER_DIR; };
		841AA0831F5B4D9200E97CE1 /* main.m */ = {isa = PBXFileReference; lastKnownFileType = sourcecode.c.objc; path = main.m; sourceTree = "<group>"; };
		841D0A891C358785006A82DC /* MQTTCoreDataPersistence.h */ = {isa = PBXFileReference; fileEncoding = 4; lastKnownFileType = sourcecode.c.h; path = MQTTCoreDataPersistence.h; sourceTree = "<group>"; };
		841D0A8A1C358785006A82DC /* MQTTCoreDataPersistence.m */ = {isa = PBXFileReference; fileEncoding = 4; lastKnownFileType = sourcecode.c.objc; path = MQTTCoreDataPersistence.m; sourceTree = "<group>"; };
		841D0A8D1C358793006A82DC /* MQTTInMemoryPersistence.h */ = {isa = PBXFileReference; fileEncoding = 4; lastKnownFileType = sourcecode.c.h; path = MQTTInMemoryPersistence.h; sourceTree = "<group>"; };
		841D0A8E1C358793006A82DC /* MQTTInMemoryPersistence.m */ = {isa = PBXFileReference; fileEncoding = 4; lastKnownFileType = sourcecode.c.objc; path = MQTTInMemoryPersistence.m; sourceTree = "<group>"; };
		8425D7181BBE8EF1005AD733 /* CoreData.framework */ = {isa = PBXFileReference; lastKnownFileType = wrapper.framework; name = CoreData.framework; path = Platforms/AppleTVOS.platform/Developer/SDKs/AppleTVOS9.0.sdk/System/Library/Frameworks/CoreData.framework; sourceTree = DEVELOPER_DIR; };
		8425D71A1BBE8EF9005AD733 /* Foundation.framework */ = {isa = PBXFileReference; lastKnownFileType = wrapper.framework; name = Foundation.framework; path = Platforms/AppleTVOS.platform/Developer/SDKs/AppleTVOS9.0.sdk/System/Library/Frameworks/Foundation.framework; sourceTree = DEVELOPER_DIR; };
		8429773E1B87CEF600A119FB /* MQTTTestSessionManager.m */ = {isa = PBXFileReference; fileEncoding = 4; lastKnownFileType = sourcecode.c.objc; path = MQTTTestSessionManager.m; sourceTree = "<group>"; };
		842AF2A71ECF2973000F77D8 /* MQTTv5Tests.m */ = {isa = PBXFileReference; fileEncoding = 4; lastKnownFileType = sourcecode.c.objc; path = MQTTv5Tests.m; sourceTree = "<group>"; };
		8436B1731E93EBAA00E24A4E /* MQTTProperties.h */ = {isa = PBXFileReference; fileEncoding = 4; lastKnownFileType = sourcecode.c.h; path = MQTTProperties.h; sourceTree = "<group>"; };
		843713531E41E6B800868093 /* client.p12 */ = {isa = PBXFileReference; lastKnownFileType = file; path = client.p12; sourceTree = "<group>"; };
		84467D9A20D0EA1E0085C314 /* MQTTv5SessionExpiry.m */ = {isa = PBXFileReference; lastKnownFileType = sourcecode.c.objc; path = MQTTv5SessionExpiry.m; sourceTree = "<group>"; };
		844C93AA1A81645D00CA4A03 /* MQTTACLTests.m */ = {isa = PBXFileReference; fileEncoding = 4; lastKnownFileType = sourcecode.c.objc; path = MQTTACLTests.m; sourceTree = "<group>"; };
		84517CF21C182F06006FE09B /* MQTTTestHelpers.h */ = {isa = PBXFileReference; fileEncoding = 4; lastKnownFileType = sourcecode.c.h; path = MQTTTestHelpers.h; sourceTree = "<group>"; };
		84517CF31C182F06006FE09B /* MQTTTestHelpers.m */ = {isa = PBXFileReference; fileEncoding = 4; lastKnownFileType = sourcecode.c.objc; path = MQTTTestHelpers.m; sourceTree = "<group>"; };
		8459F17F22187CBA0047A1BE /* MQTTv5SharedSubcriptions.m */ = {isa = PBXFileReference; lastKnownFileType = sourcecode.c.objc; path = MQTTv5SharedSubcriptions.m; sourceTree = "<group>"; };
		8461912D1883E56800101409 /* Foundation.framework */ = {isa = PBXFileReference; lastKnownFileType = wrapper.framework; name = Foundation.framework; path = System/Library/Frameworks/Foundation.framework; sourceTree = SDKROOT; };
		846191311883E56800101409 /* MQTTClient-Prefix.pch */ = {isa = PBXFileReference; lastKnownFileType = sourcecode.c.h; path = "MQTTClient-Prefix.pch"; sourceTree = "<group>"; };
		846191321883E56800101409 /* MQTTClient.h */ = {isa = PBXFileReference; lastKnownFileType = sourcecode.c.h; path = MQTTClient.h; sourceTree = "<group>"; };
		8461913B1883E56800101409 /* XCTest.framework */ = {isa = PBXFileReference; lastKnownFileType = wrapper.framework; name = XCTest.framework; path = Library/Frameworks/XCTest.framework; sourceTree = DEVELOPER_DIR; };
		8461913E1883E56800101409 /* UIKit.framework */ = {isa = PBXFileReference; lastKnownFileType = wrapper.framework; name = UIKit.framework; path = Library/Frameworks/UIKit.framework; sourceTree = DEVELOPER_DIR; };
		846191451883E56800101409 /* MQTTClientTests-Info.plist */ = {isa = PBXFileReference; lastKnownFileType = text.plist.xml; path = "MQTTClientTests-Info.plist"; sourceTree = "<group>"; };
		846191471883E56800101409 /* en */ = {isa = PBXFileReference; lastKnownFileType = text.plist.strings; name = en; path = en.lproj/InfoPlist.strings; sourceTree = "<group>"; };
		846191491883E56800101409 /* MQTTClientTests.m */ = {isa = PBXFileReference; lastKnownFileType = sourcecode.c.objc; path = MQTTClientTests.m; sourceTree = "<group>"; };
		846191E81883E8B900101409 /* MQTTDecoder.m */ = {isa = PBXFileReference; fileEncoding = 4; lastKnownFileType = sourcecode.c.objc; path = MQTTDecoder.m; sourceTree = "<group>"; };
		846191EA1883E8B900101409 /* MQTTMessage.m */ = {isa = PBXFileReference; fileEncoding = 4; lastKnownFileType = sourcecode.c.objc; path = MQTTMessage.m; sourceTree = "<group>"; };
		846191EB1883E8B900101409 /* MQTTSession.m */ = {isa = PBXFileReference; fileEncoding = 4; lastKnownFileType = sourcecode.c.objc; path = MQTTSession.m; sourceTree = "<group>"; };
		846191FC1883E8FD00101409 /* MQTTDecoder.h */ = {isa = PBXFileReference; fileEncoding = 4; lastKnownFileType = sourcecode.c.h; path = MQTTDecoder.h; sourceTree = "<group>"; };
		846191FE1883E8FD00101409 /* MQTTMessage.h */ = {isa = PBXFileReference; fileEncoding = 4; lastKnownFileType = sourcecode.c.h; path = MQTTMessage.h; sourceTree = "<group>"; };
		846191FF1883E8FD00101409 /* MQTTSession.h */ = {isa = PBXFileReference; fileEncoding = 4; lastKnownFileType = sourcecode.c.h; path = MQTTSession.h; sourceTree = "<group>"; };
		846243671ABE9E5900B72519 /* MQTTPersistence.h */ = {isa = PBXFileReference; fileEncoding = 4; lastKnownFileType = sourcecode.c.h; path = MQTTPersistence.h; sourceTree = "<group>"; };
		8462436B1ABEAAF900B72519 /* CoreData.framework */ = {isa = PBXFileReference; lastKnownFileType = wrapper.framework; name = CoreData.framework; path = System/Library/Frameworks/CoreData.framework; sourceTree = SDKROOT; };
		846C35B51F696B9300F23552 /* Foundation.framework */ = {isa = PBXFileReference; lastKnownFileType = wrapper.framework; name = Foundation.framework; path = Platforms/WatchOS.platform/Developer/SDKs/WatchOS3.2.sdk/System/Library/Frameworks/Foundation.framework; sourceTree = DEVELOPER_DIR; };
		846C35B71F696BA300F23552 /* CoreData.framework */ = {isa = PBXFileReference; lastKnownFileType = wrapper.framework; name = CoreData.framework; path = Platforms/WatchOS.platform/Developer/SDKs/WatchOS3.2.sdk/System/Library/Frameworks/CoreData.framework; sourceTree = DEVELOPER_DIR; };
		846C35B91F696BEF00F23552 /* CFNetwork.framework */ = {isa = PBXFileReference; lastKnownFileType = wrapper.framework; name = CFNetwork.framework; path = Platforms/AppleTVOS.platform/Developer/SDKs/AppleTVOS10.2.sdk/System/Library/Frameworks/CFNetwork.framework; sourceTree = DEVELOPER_DIR; };
		846C35BB1F696BF600F23552 /* Foundation.framework */ = {isa = PBXFileReference; lastKnownFileType = wrapper.framework; name = Foundation.framework; path = Platforms/AppleTVOS.platform/Developer/SDKs/AppleTVOS10.2.sdk/System/Library/Frameworks/Foundation.framework; sourceTree = DEVELOPER_DIR; };
		846C35BD1F696BFD00F23552 /* CoreData.framework */ = {isa = PBXFileReference; lastKnownFileType = wrapper.framework; name = CoreData.framework; path = Platforms/AppleTVOS.platform/Developer/SDKs/AppleTVOS10.2.sdk/System/Library/Frameworks/CoreData.framework; sourceTree = DEVELOPER_DIR; };
		846C35C01F696C1300F23552 /* CFNetwork.framework */ = {isa = PBXFileReference; lastKnownFileType = wrapper.framework; name = CFNetwork.framework; path = Platforms/MacOSX.platform/Developer/SDKs/MacOSX10.12.sdk/System/Library/Frameworks/CFNetwork.framework; sourceTree = DEVELOPER_DIR; };
		847AA0F22E647EA40091CE84 /* CHANGELOG.md */ = {isa = PBXFileReference; lastKnownFileType = net.daringfireball.markdown; name = CHANGELOG.md; path = ../CHANGELOG.md; sourceTree = SOURCE_ROOT; };
		847AA0F32E647EA40091CE84 /* mqttc.podspec */ = {isa = PBXFileReference; lastKnownFileType = text; name = mqttc.podspec; path = ../mqttc.podspec; sourceTree = SOURCE_ROOT; };
		847AA0F42E647EA40091CE84 /* README.md */ = {isa = PBXFileReference; lastKnownFileType = net.daringfireball.markdown; name = README.md; path = ../README.md; sourceTree = SOURCE_ROOT; };
		847AA0F52E647EF00091CE84 /* Podfile */ = {isa = PBXFileReference; lastKnownFileType = text; path = Podfile; sourceTree = "<group>"; };
		8489530F20DAB8930014055D /* MQTTv5ExtendedAuth.m */ = {isa = PBXFileReference; lastKnownFileType = sourcecode.c.objc; path = MQTTv5ExtendedAuth.m; sourceTree = "<group>"; };
		8489531520DE76620014055D /* MQTTv5SubscriptionIdentifiers.m */ = {isa = PBXFileReference; lastKnownFileType = sourcecode.c.objc; path = MQTTv5SubscriptionIdentifiers.m; sourceTree = "<group>"; };
		848BB8F2195FF7A2004FCAE2 /* MQTTClientOnlyTests.m */ = {isa = PBXFileReference; fileEncoding = 4; lastKnownFileType = sourcecode.c.objc; path = MQTTClientOnlyTests.m; sourceTree = "<group>"; };
		849C12B11F81485B00308ED2 /* MQTTWill.h */ = {isa = PBXFileReference; lastKnownFileType = sourcecode.c.h; path = MQTTWill.h; sourceTree = "<group>"; };
		849C12B21F81485B00308ED2 /* MQTTWill.m */ = {isa = PBXFileReference; lastKnownFileType = sourcecode.c.objc; path = MQTTWill.m; sourceTree = "<group>"; };
		84A592131C3C5343008C5199 /* MQTTTransport.m */ = {isa = PBXFileReference; fileEncoding = 4; lastKnownFileType = sourcecode.c.objc; path = MQTTTransport.m; sourceTree = "<group>"; };
		84AA232D1C6B8BE5009B153A /* MQTTLog.h */ = {isa = PBXFileReference; lastKnownFileType = sourcecode.c.h; path = MQTTLog.h; sourceTree = "<group>"; };
		84B1AFED196C7AF60056B959 /* MQTTTestMultiThreading.m */ = {isa = PBXFileReference; fileEncoding = 4; lastKnownFileType = sourcecode.c.objc; path = MQTTTestMultiThreading.m; sourceTree = "<group>"; };
		84B1AFF0196D99170056B959 /* MQTTSessionManager.h */ = {isa = PBXFileReference; fileEncoding = 4; lastKnownFileType = sourcecode.c.h; path = MQTTSessionManager.h; sourceTree = "<group>"; };
		84B1AFF1196D99170056B959 /* MQTTSessionManager.m */ = {isa = PBXFileReference; fileEncoding = 4; lastKnownFileType = sourcecode.c.objc; path = MQTTSessionManager.m; sourceTree = "<group>"; };
		84B6A18F1C14E1BB00618573 /* MQTTTransport.h */ = {isa = PBXFileReference; fileEncoding = 4; lastKnownFileType = sourcecode.c.h; path = MQTTTransport.h; sourceTree = "<group>"; };
		84B739B11A66F07900B103F4 /* MQTTClientTests-Bridging-Header.h */ = {isa = PBXFileReference; lastKnownFileType = sourcecode.c.h; path = "MQTTClientTests-Bridging-Header.h"; sourceTree = "<group>"; };
		84BC2ADD1FFF653C0089EC95 /* mqttcs */ = {isa = PBXFileReference; explicitFileType = "compiled.mach-o.executable"; includeInIndex = 0; path = mqttcs; sourceTree = BUILT_PRODUCTS_DIR; };
		84BE348F1C348BFD007EF8F3 /* MQTTTestHelpers.plist */ = {isa = PBXFileReference; fileEncoding = 4; lastKnownFileType = text.plist.xml; path = MQTTTestHelpers.plist; sourceTree = "<group>"; };
		84C294AC25A3527C00C25CEA /* MQTTTLSTests.m */ = {isa = PBXFileReference; lastKnownFileType = sourcecode.c.objc; path = MQTTTLSTests.m; sourceTree = "<group>"; };
		84C386BA2549E5A600177792 /* MQTTClientNativeTests.xctest */ = {isa = PBXFileReference; explicitFileType = wrapper.cfbundle; includeInIndex = 0; path = MQTTClientNativeTests.xctest; sourceTree = BUILT_PRODUCTS_DIR; };
		84C386BE2549E5A600177792 /* Info.plist */ = {isa = PBXFileReference; lastKnownFileType = text.plist.xml; path = Info.plist; sourceTree = "<group>"; };
		84C52C0B21062A7F00C7BDDE /* MQTTv5SubscriptionOptions.m */ = {isa = PBXFileReference; lastKnownFileType = sourcecode.c.objc; path = MQTTv5SubscriptionOptions.m; sourceTree = "<group>"; };
		84C52C11210750AE00C7BDDE /* MQTTv5TopicAliases.m */ = {isa = PBXFileReference; lastKnownFileType = sourcecode.c.objc; path = MQTTv5TopicAliases.m; sourceTree = "<group>"; };
		84C845A31BDD8DB400FEC354 /* MQTTTestFlows.m */ = {isa = PBXFileReference; fileEncoding = 4; lastKnownFileType = sourcecode.c.objc; path = MQTTTestFlows.m; sourceTree = "<group>"; };
		84E2C4561EC34E8500BC02CE /* MQTTProperties.m */ = {isa = PBXFileReference; fileEncoding = 4; lastKnownFileType = sourcecode.c.objc; path = MQTTProperties.m; sourceTree = "<group>"; };
		84FFAF68234333FC00B2CDCE /* MQTTNWTransport.h */ = {isa = PBXFileReference; lastKnownFileType = sourcecode.c.h; path = MQTTNWTransport.h; sourceTree = "<group>"; };
		84FFAF69234333FC00B2CDCE /* MQTTNWTransport.m */ = {isa = PBXFileReference; lastKnownFileType = sourcecode.c.objc; path = MQTTNWTransport.m; sourceTree = "<group>"; };
		84FFAF732343362700B2CDCE /* Network.framework */ = {isa = PBXFileReference; lastKnownFileType = wrapper.framework; name = Network.framework; path = Platforms/MacOSX.platform/Developer/SDKs/MacOSX10.15.sdk/System/Library/Frameworks/Network.framework; sourceTree = DEVELOPER_DIR; };
		84FFAF752343363300B2CDCE /* Network.framework */ = {isa = PBXFileReference; lastKnownFileType = wrapper.framework; name = Network.framework; path = Platforms/AppleTVOS.platform/Developer/SDKs/AppleTVOS13.0.sdk/System/Library/Frameworks/Network.framework; sourceTree = DEVELOPER_DIR; };
		84FFAF782343365200B2CDCE /* Network.framework */ = {isa = PBXFileReference; lastKnownFileType = wrapper.framework; name = Network.framework; path = Platforms/WatchOS.platform/Developer/SDKs/WatchOS6.0.sdk/System/Library/Frameworks/Network.framework; sourceTree = DEVELOPER_DIR; };
		C21D3C6E1B1EBB0E0012DD2F /* MQTTClientSubscriptionTests.m */ = {isa = PBXFileReference; fileEncoding = 4; lastKnownFileType = sourcecode.c.objc; path = MQTTClientSubscriptionTests.m; sourceTree = "<group>"; };
		C74489951FA74D58002751B2 /* MQTTSessionTests.m */ = {isa = PBXFileReference; lastKnownFileType = sourcecode.c.objc; path = MQTTSessionTests.m; sourceTree = "<group>"; };
		C7515EAA1F4C51600071CFFE /* ReconnectTimer.m */ = {isa = PBXFileReference; fileEncoding = 4; lastKnownFileType = sourcecode.c.objc; path = ReconnectTimer.m; sourceTree = "<group>"; };
		C7515EAB1F4C51600071CFFE /* ReconnectTimer.h */ = {isa = PBXFileReference; fileEncoding = 4; lastKnownFileType = sourcecode.c.h; path = ReconnectTimer.h; sourceTree = "<group>"; };
		C7515EB61F4C51A00071CFFE /* ReconnectTimerTests.m */ = {isa = PBXFileReference; fileEncoding = 4; lastKnownFileType = sourcecode.c.objc; path = ReconnectTimerTests.m; sourceTree = "<group>"; };
		C7515EBB1F4C6A710071CFFE /* ForegroundReconnection.h */ = {isa = PBXFileReference; fileEncoding = 4; lastKnownFileType = sourcecode.c.h; path = ForegroundReconnection.h; sourceTree = "<group>"; };
		C7515EBC1F4C6A710071CFFE /* ForegroundReconnection.m */ = {isa = PBXFileReference; fileEncoding = 4; lastKnownFileType = sourcecode.c.objc; path = ForegroundReconnection.m; sourceTree = "<group>"; };
		C7E397981F0F71F1000C512E /* MQTTLog.m */ = {isa = PBXFileReference; fileEncoding = 4; lastKnownFileType = sourcecode.c.objc; path = MQTTLog.m; sourceTree = "<group>"; };
		D63E07FEFC53F943FEA88BDF /* Pods-MQTTClientNativeTests.debug.xcconfig */ = {isa = PBXFileReference; includeInIndex = 1; lastKnownFileType = text.xcconfig; name = "Pods-MQTTClientNativeTests.debug.xcconfig"; path = "Target Support Files/Pods-MQTTClientNativeTests/Pods-MQTTClientNativeTests.debug.xcconfig"; sourceTree = "<group>"; };
		E613E38FE1CDE52A4CB81B2F /* Pods_MQTTClientNativeTests.framework */ = {isa = PBXFileReference; explicitFileType = wrapper.framework; includeInIndex = 0; path = Pods_MQTTClientNativeTests.framework; sourceTree = BUILT_PRODUCTS_DIR; };
		F6D090041E535F4A00CD2566 /* CoreData.framework */ = {isa = PBXFileReference; lastKnownFileType = wrapper.framework; name = CoreData.framework; path = Platforms/AppleTVOS.platform/Developer/SDKs/AppleTVOS10.1.sdk/System/Library/Frameworks/CoreData.framework; sourceTree = DEVELOPER_DIR; };
		F6D090061E535F4F00CD2566 /* Foundation.framework */ = {isa = PBXFileReference; lastKnownFileType = wrapper.framework; name = Foundation.framework; path = Platforms/AppleTVOS.platform/Developer/SDKs/AppleTVOS10.1.sdk/System/Library/Frameworks/Foundation.framework; sourceTree = DEVELOPER_DIR; };
		F6D090081E535F5600CD2566 /* CoreData.framework */ = {isa = PBXFileReference; lastKnownFileType = wrapper.framework; name = CoreData.framework; path = Platforms/MacOSX.platform/Developer/SDKs/MacOSX10.12.sdk/System/Library/Frameworks/CoreData.framework; sourceTree = DEVELOPER_DIR; };
		F6D0900A1E535F5B00CD2566 /* Foundation.framework */ = {isa = PBXFileReference; lastKnownFileType = wrapper.framework; name = Foundation.framework; path = Platforms/MacOSX.platform/Developer/SDKs/MacOSX10.12.sdk/System/Library/Frameworks/Foundation.framework; sourceTree = DEVELOPER_DIR; };
/* End PBXFileReference section */

/* Begin PBXFrameworksBuildPhase section */
		8407162F1BBEF13A00FBB3CB /* Frameworks */ = {
			isa = PBXFrameworksBuildPhase;
			buildActionMask = 2147483647;
			files = (
				ED9BF39EB148555C4954F9D8 /* Pods_MQTTClientOSXTests.framework in Frameworks */,
			);
			runOnlyForDeploymentPostprocessing = 0;
		};
		84BC2ADA1FFF653C0089EC95 /* Frameworks */ = {
			isa = PBXFrameworksBuildPhase;
			buildActionMask = 2147483647;
			files = (
			);
			runOnlyForDeploymentPostprocessing = 0;
		};
		84C386B72549E5A600177792 /* Frameworks */ = {
			isa = PBXFrameworksBuildPhase;
			buildActionMask = 2147483647;
			files = (
				232163F8197F2153CFDF034D /* Pods_MQTTClientNativeTests.framework in Frameworks */,
			);
			runOnlyForDeploymentPostprocessing = 0;
		};
/* End PBXFrameworksBuildPhase section */

/* Begin PBXGroup section */
		5ACA284B3ED6D1F93D8D4D79 /* Pods */ = {
			isa = PBXGroup;
			children = (
				D63E07FEFC53F943FEA88BDF /* Pods-MQTTClientNativeTests.debug.xcconfig */,
				2A9F9A6980FED986C85AB7CA /* Pods-MQTTClientNativeTests.release.xcconfig */,
				1F99A03C2C01122FA52BF2E2 /* Pods-MQTTClientOSXTests.debug.xcconfig */,
				1B4E589454DB2F55507EF5BD /* Pods-MQTTClientOSXTests.release.xcconfig */,
			);
			path = Pods;
			sourceTree = "<group>";
		};
		6BC7F2729125FE9CAD2DBEAD /* Resources */ = {
			isa = PBXGroup;
			children = (
				843713531E41E6B800868093 /* client.p12 */,
			);
			path = Resources;
			sourceTree = "<group>";
		};
		840621441C3069510096ABB3 /* InMemory */ = {
			isa = PBXGroup;
			children = (
				841D0A8D1C358793006A82DC /* MQTTInMemoryPersistence.h */,
				841D0A8E1C358793006A82DC /* MQTTInMemoryPersistence.m */,
			);
			name = InMemory;
			sourceTree = "<group>";
		};
		840621491C3069710096ABB3 /* CoreData */ = {
			isa = PBXGroup;
			children = (
				841D0A891C358785006A82DC /* MQTTCoreDataPersistence.h */,
				841D0A8A1C358785006A82DC /* MQTTCoreDataPersistence.m */,
			);
			name = CoreData;
			sourceTree = "<group>";
		};
		840716331BBEF13A00FBB3CB /* MQTTClientOSXTests */ = {
			isa = PBXGroup;
			children = (
				840716361BBEF13A00FBB3CB /* Info.plist */,
			);
			path = MQTTClientOSXTests;
			sourceTree = "<group>";
		};
		841AA0821F5B4D9200E97CE1 /* mqttcs */ = {
			isa = PBXGroup;
			children = (
				841AA0831F5B4D9200E97CE1 /* main.m */,
			);
			path = mqttcs;
			sourceTree = "<group>";
		};
		846191211883E56800101409 = {
			isa = PBXGroup;
			children = (
				847AA0F52E647EF00091CE84 /* Podfile */,
				847AA0F22E647EA40091CE84 /* CHANGELOG.md */,
				847AA0F32E647EA40091CE84 /* mqttc.podspec */,
				847AA0F42E647EA40091CE84 /* README.md */,
				8461912F1883E56800101409 /* MQTTClient */,
				846191431883E56800101409 /* MQTTClientTests */,
				840716331BBEF13A00FBB3CB /* MQTTClientOSXTests */,
				841AA0821F5B4D9200E97CE1 /* mqttcs */,
				84C386BB2549E5A600177792 /* MQTTClientNativeTests */,
				8461912C1883E56800101409 /* Frameworks */,
				8461912B1883E56800101409 /* Products */,
				5ACA284B3ED6D1F93D8D4D79 /* Pods */,
			);
			sourceTree = "<group>";
		};
		8461912B1883E56800101409 /* Products */ = {
			isa = PBXGroup;
			children = (
				840716321BBEF13A00FBB3CB /* MQTTClientOSXTests.xctest */,
				84BC2ADD1FFF653C0089EC95 /* mqttcs */,
				84C386BA2549E5A600177792 /* MQTTClientNativeTests.xctest */,
			);
			name = Products;
			sourceTree = "<group>";
		};
		8461912C1883E56800101409 /* Frameworks */ = {
			isa = PBXGroup;
			children = (
				84100A2023ABF10E00FC2361 /* Foundation.framework */,
				84100A1E23ABF0FE00FC2361 /* Network.framework */,
				84100A1C23ABF0E800FC2361 /* CoreData.framework */,
				84FFAF732343362700B2CDCE /* Network.framework */,
				84FFAF752343363300B2CDCE /* Network.framework */,
				84FFAF782343365200B2CDCE /* Network.framework */,
				846C35C01F696C1300F23552 /* CFNetwork.framework */,
				846C35BD1F696BFD00F23552 /* CoreData.framework */,
				846C35BB1F696BF600F23552 /* Foundation.framework */,
				846C35B91F696BEF00F23552 /* CFNetwork.framework */,
				846C35B71F696BA300F23552 /* CoreData.framework */,
				846C35B51F696B9300F23552 /* Foundation.framework */,
				F6D0900A1E535F5B00CD2566 /* Foundation.framework */,
				F6D090081E535F5600CD2566 /* CoreData.framework */,
				F6D090061E535F4F00CD2566 /* Foundation.framework */,
				F6D090041E535F4A00CD2566 /* CoreData.framework */,
				84141A5C1C12315C00CBD3B9 /* libicucore.tbd */,
				8407163F1BBEF17600FBB3CB /* Foundation.framework */,
				8407163D1BBEF16E00FBB3CB /* CFNetwork.framework */,
				8425D71A1BBE8EF9005AD733 /* Foundation.framework */,
				8425D7181BBE8EF1005AD733 /* CoreData.framework */,
				8462436B1ABEAAF900B72519 /* CoreData.framework */,
				840507C4193DCF2E002EBBD2 /* UIKit.framework */,
				840507C2193DCE4B002EBBD2 /* CFNetwork.framework */,
				8461912D1883E56800101409 /* Foundation.framework */,
				8461913B1883E56800101409 /* XCTest.framework */,
				8461913E1883E56800101409 /* UIKit.framework */,
				E613E38FE1CDE52A4CB81B2F /* Pods_MQTTClientNativeTests.framework */,
				78BF03FA6C475089D4739945 /* Pods_MQTTClientOSXTests.framework */,
			);
			name = Frameworks;
			sourceTree = "<group>";
		};
		8461912F1883E56800101409 /* MQTTClient */ = {
			isa = PBXGroup;
			children = (
				846B90B61C15F982008A5D44 /* Transport */,
				846B90B71C15F9B3008A5D44 /* Core */,
				846B90B81C15F9D4008A5D44 /* Persistence */,
				846191321883E56800101409 /* MQTTClient.h */,
				84AA232D1C6B8BE5009B153A /* MQTTLog.h */,
				C7E397981F0F71F1000C512E /* MQTTLog.m */,
				840D3CE91F264AD00072019B /* MQTTStrict.h */,
				840D3CEA1F264AD00072019B /* MQTTStrict.m */,
				C7515E881F4B1BA80071CFFE /* SessionManager */,
				846191301883E56800101409 /* Supporting Files */,
			);
			path = MQTTClient;
			sourceTree = "<group>";
		};
		846191301883E56800101409 /* Supporting Files */ = {
			isa = PBXGroup;
			children = (
				846191311883E56800101409 /* MQTTClient-Prefix.pch */,
			);
			name = "Supporting Files";
			sourceTree = "<group>";
		};
		846191431883E56800101409 /* MQTTClientTests */ = {
			isa = PBXGroup;
			children = (
				84517CF21C182F06006FE09B /* MQTTTestHelpers.h */,
				84517CF31C182F06006FE09B /* MQTTTestHelpers.m */,
				84BE348F1C348BFD007EF8F3 /* MQTTTestHelpers.plist */,
				84C845A31BDD8DB400FEC354 /* MQTTTestFlows.m */,
				C21D3C6E1B1EBB0E0012DD2F /* MQTTClientSubscriptionTests.m */,
				846191491883E56800101409 /* MQTTClientTests.m */,
				84B1AFED196C7AF60056B959 /* MQTTTestMultiThreading.m */,
				844C93AA1A81645D00CA4A03 /* MQTTACLTests.m */,
				848BB8F2195FF7A2004FCAE2 /* MQTTClientOnlyTests.m */,
				840785A818A2AA26009158D5 /* MQTTClientPublishTests.m */,
				8429773E1B87CEF600A119FB /* MQTTTestSessionManager.m */,
				8489530F20DAB8930014055D /* MQTTv5ExtendedAuth.m */,
				84C52C0B21062A7F00C7BDDE /* MQTTv5SubscriptionOptions.m */,
				84467D9A20D0EA1E0085C314 /* MQTTv5SessionExpiry.m */,
				8489531520DE76620014055D /* MQTTv5SubscriptionIdentifiers.m */,
				8459F17F22187CBA0047A1BE /* MQTTv5SharedSubcriptions.m */,
				842AF2A71ECF2973000F77D8 /* MQTTv5Tests.m */,
				84C52C11210750AE00C7BDDE /* MQTTv5TopicAliases.m */,
				C7515EB61F4C51A00071CFFE /* ReconnectTimerTests.m */,
				C74489951FA74D58002751B2 /* MQTTSessionTests.m */,
				84C294AC25A3527C00C25CEA /* MQTTTLSTests.m */,
				84B739B11A66F07900B103F4 /* MQTTClientTests-Bridging-Header.h */,
				846191441883E56800101409 /* Supporting Files */,
				6BC7F2729125FE9CAD2DBEAD /* Resources */,
			);
			path = MQTTClientTests;
			sourceTree = "<group>";
		};
		846191441883E56800101409 /* Supporting Files */ = {
			isa = PBXGroup;
			children = (
				846191451883E56800101409 /* MQTTClientTests-Info.plist */,
				846191461883E56800101409 /* InfoPlist.strings */,
			);
			name = "Supporting Files";
			sourceTree = "<group>";
		};
		846B90B61C15F982008A5D44 /* Transport */ = {
			isa = PBXGroup;
			children = (
				84B6A18F1C14E1BB00618573 /* MQTTTransport.h */,
				84A592131C3C5343008C5199 /* MQTTTransport.m */,
				84FFAF67234333BE00B2CDCE /* NWTransport */,
			);
			name = Transport;
			sourceTree = "<group>";
		};
		846B90B71C15F9B3008A5D44 /* Core */ = {
			isa = PBXGroup;
			children = (
				846191FC1883E8FD00101409 /* MQTTDecoder.h */,
				846191E81883E8B900101409 /* MQTTDecoder.m */,
				8436B1731E93EBAA00E24A4E /* MQTTProperties.h */,
				84E2C4561EC34E8500BC02CE /* MQTTProperties.m */,
				849C12B11F81485B00308ED2 /* MQTTWill.h */,
				849C12B21F81485B00308ED2 /* MQTTWill.m */,
				846191FE1883E8FD00101409 /* MQTTMessage.h */,
				846191EA1883E8B900101409 /* MQTTMessage.m */,
				846191FF1883E8FD00101409 /* MQTTSession.h */,
				846191EB1883E8B900101409 /* MQTTSession.m */,
			);
			name = Core;
			sourceTree = "<group>";
		};
		846B90B81C15F9D4008A5D44 /* Persistence */ = {
			isa = PBXGroup;
			children = (
				846243671ABE9E5900B72519 /* MQTTPersistence.h */,
				840621491C3069710096ABB3 /* CoreData */,
				840621441C3069510096ABB3 /* InMemory */,
			);
			name = Persistence;
			sourceTree = "<group>";
		};
		84C386BB2549E5A600177792 /* MQTTClientNativeTests */ = {
			isa = PBXGroup;
			children = (
				84C386BE2549E5A600177792 /* Info.plist */,
			);
			path = MQTTClientNativeTests;
			sourceTree = "<group>";
		};
		84FFAF67234333BE00B2CDCE /* NWTransport */ = {
			isa = PBXGroup;
			children = (
				84FFAF68234333FC00B2CDCE /* MQTTNWTransport.h */,
				84FFAF69234333FC00B2CDCE /* MQTTNWTransport.m */,
			);
			name = NWTransport;
			sourceTree = "<group>";
		};
		C7515E881F4B1BA80071CFFE /* SessionManager */ = {
			isa = PBXGroup;
			children = (
				84B1AFF0196D99170056B959 /* MQTTSessionManager.h */,
				84B1AFF1196D99170056B959 /* MQTTSessionManager.m */,
				C7515EAB1F4C51600071CFFE /* ReconnectTimer.h */,
				C7515EAA1F4C51600071CFFE /* ReconnectTimer.m */,
				C7515EBB1F4C6A710071CFFE /* ForegroundReconnection.h */,
				C7515EBC1F4C6A710071CFFE /* ForegroundReconnection.m */,
			);
			name = SessionManager;
			sourceTree = "<group>";
		};
/* End PBXGroup section */

/* Begin PBXNativeTarget section */
		840716311BBEF13A00FBB3CB /* MQTTClientOSXTests */ = {
			isa = PBXNativeTarget;
			buildConfigurationList = 8407163A1BBEF13A00FBB3CB /* Build configuration list for PBXNativeTarget "MQTTClientOSXTests" */;
			buildPhases = (
				78914D49CA2E512DE46F1B49 /* [CP] Check Pods Manifest.lock */,
				8407162E1BBEF13A00FBB3CB /* Sources */,
				8407162F1BBEF13A00FBB3CB /* Frameworks */,
				840716301BBEF13A00FBB3CB /* Resources */,
				088F886CE92E75F1B9C83FC3 /* [CP] Embed Pods Frameworks */,
			);
			buildRules = (
			);
			dependencies = (
			);
			name = MQTTClientOSXTests;
			productName = MQTTClientOSXTests;
			productReference = 840716321BBEF13A00FBB3CB /* MQTTClientOSXTests.xctest */;
			productType = "com.apple.product-type.bundle.unit-test";
		};
		84BC2ADC1FFF653C0089EC95 /* mqttcs */ = {
			isa = PBXNativeTarget;
			buildConfigurationList = 84BC2AE11FFF653C0089EC95 /* Build configuration list for PBXNativeTarget "mqttcs" */;
			buildPhases = (
				84BC2AD91FFF653C0089EC95 /* Sources */,
				84BC2ADA1FFF653C0089EC95 /* Frameworks */,
				84BC2ADB1FFF653C0089EC95 /* CopyFiles */,
			);
			buildRules = (
			);
			dependencies = (
			);
			name = mqttcs;
			productName = mqttcs;
			productReference = 84BC2ADD1FFF653C0089EC95 /* mqttcs */;
			productType = "com.apple.product-type.tool";
		};
		84C386B92549E5A600177792 /* MQTTClientNativeTests */ = {
			isa = PBXNativeTarget;
			buildConfigurationList = 84C386C42549E5A600177792 /* Build configuration list for PBXNativeTarget "MQTTClientNativeTests" */;
			buildPhases = (
				87F45311A4E3FA1205D23D4D /* [CP] Check Pods Manifest.lock */,
				84C386B62549E5A600177792 /* Sources */,
				84C386B72549E5A600177792 /* Frameworks */,
				84C386B82549E5A600177792 /* Resources */,
				48B13BF71D698C5A29022B78 /* [CP] Embed Pods Frameworks */,
			);
			buildRules = (
			);
			dependencies = (
			);
			name = MQTTClientNativeTests;
			productName = MQTTClientNativeTests;
			productReference = 84C386BA2549E5A600177792 /* MQTTClientNativeTests.xctest */;
			productType = "com.apple.product-type.bundle.unit-test";
		};
/* End PBXNativeTarget section */

/* Begin PBXProject section */
		846191221883E56800101409 /* Project object */ = {
			isa = PBXProject;
			attributes = {
				BuildIndependentTargetsInParallel = YES;
				LastSwiftUpdateCheck = 0710;
				LastUpgradeCheck = 1640;
				ORGANIZATIONNAME = "Christoph Krey";
				TargetAttributes = {
					840716311BBEF13A00FBB3CB = {
						CreatedOnToolsVersion = 7.1;
						DevelopmentTeam = C652JFWU23;
						LastSwiftMigration = 1020;
						ProvisioningStyle = Automatic;
					};
					84BC2ADC1FFF653C0089EC95 = {
						CreatedOnToolsVersion = 9.2;
						DevelopmentTeam = C652JFWU23;
						ProvisioningStyle = Automatic;
					};
					84C386B92549E5A600177792 = {
						CreatedOnToolsVersion = 12.1;
						DevelopmentTeam = C652JFWU23;
						ProvisioningStyle = Automatic;
					};
				};
			};
			buildConfigurationList = 846191251883E56800101409 /* Build configuration list for PBXProject "MQTTClient" */;
			compatibilityVersion = "Xcode 6.3";
			developmentRegion = en;
			hasScannedForEncodings = 0;
			knownRegions = (
				en,
				Base,
			);
			mainGroup = 846191211883E56800101409;
			productRefGroup = 8461912B1883E56800101409 /* Products */;
			projectDirPath = "";
			projectRoot = "";
			targets = (
				84C386B92549E5A600177792 /* MQTTClientNativeTests */,
				840716311BBEF13A00FBB3CB /* MQTTClientOSXTests */,
				84BC2ADC1FFF653C0089EC95 /* mqttcs */,
			);
		};
/* End PBXProject section */

/* Begin PBXResourcesBuildPhase section */
		840716301BBEF13A00FBB3CB /* Resources */ = {
			isa = PBXResourcesBuildPhase;
			buildActionMask = 2147483647;
			files = (
				843713551E41E80500868093 /* client.p12 in Resources */,
				84BE34921C349063007EF8F3 /* MQTTTestHelpers.plist in Resources */,
			);
			runOnlyForDeploymentPostprocessing = 0;
		};
		84C386B82549E5A600177792 /* Resources */ = {
			isa = PBXResourcesBuildPhase;
			buildActionMask = 2147483647;
			files = (
				84C386E12549E5F700177792 /* MQTTTestHelpers.plist in Resources */,
			);
			runOnlyForDeploymentPostprocessing = 0;
		};
/* End PBXResourcesBuildPhase section */

/* Begin PBXShellScriptBuildPhase section */
		088F886CE92E75F1B9C83FC3 /* [CP] Embed Pods Frameworks */ = {
			isa = PBXShellScriptBuildPhase;
			buildActionMask = 2147483647;
			files = (
			);
			inputPaths = (
				"${PODS_ROOT}/Target Support Files/Pods-MQTTClientOSXTests/Pods-MQTTClientOSXTests-frameworks.sh",
				"${BUILT_PRODUCTS_DIR}/CocoaLumberjack-macOS/CocoaLumberjack.framework",
				"${BUILT_PRODUCTS_DIR}/mqttc-macOS/mqttc.framework",
			);
			name = "[CP] Embed Pods Frameworks";
			outputPaths = (
				"${TARGET_BUILD_DIR}/${FRAMEWORKS_FOLDER_PATH}/CocoaLumberjack.framework",
				"${TARGET_BUILD_DIR}/${FRAMEWORKS_FOLDER_PATH}/mqttc.framework",
			);
			runOnlyForDeploymentPostprocessing = 0;
			shellPath = /bin/sh;
			shellScript = "\"${PODS_ROOT}/Target Support Files/Pods-MQTTClientOSXTests/Pods-MQTTClientOSXTests-frameworks.sh\"\n";
			showEnvVarsInLog = 0;
		};
		48B13BF71D698C5A29022B78 /* [CP] Embed Pods Frameworks */ = {
			isa = PBXShellScriptBuildPhase;
			buildActionMask = 2147483647;
			files = (
			);
			inputPaths = (
				"${PODS_ROOT}/Target Support Files/Pods-MQTTClientNativeTests/Pods-MQTTClientNativeTests-frameworks.sh",
				"${BUILT_PRODUCTS_DIR}/CocoaLumberjack-iOS/CocoaLumberjack.framework",
				"${BUILT_PRODUCTS_DIR}/mqttc-iOS/mqttc.framework",
			);
			name = "[CP] Embed Pods Frameworks";
			outputPaths = (
				"${TARGET_BUILD_DIR}/${FRAMEWORKS_FOLDER_PATH}/CocoaLumberjack.framework",
				"${TARGET_BUILD_DIR}/${FRAMEWORKS_FOLDER_PATH}/mqttc.framework",
			);
			runOnlyForDeploymentPostprocessing = 0;
			shellPath = /bin/sh;
			shellScript = "\"${PODS_ROOT}/Target Support Files/Pods-MQTTClientNativeTests/Pods-MQTTClientNativeTests-frameworks.sh\"\n";
			showEnvVarsInLog = 0;
		};
		78914D49CA2E512DE46F1B49 /* [CP] Check Pods Manifest.lock */ = {
			isa = PBXShellScriptBuildPhase;
			buildActionMask = 2147483647;
			files = (
			);
			inputFileListPaths = (
			);
			inputPaths = (
				"${PODS_PODFILE_DIR_PATH}/Podfile.lock",
				"${PODS_ROOT}/Manifest.lock",
			);
			name = "[CP] Check Pods Manifest.lock";
			outputFileListPaths = (
			);
			outputPaths = (
				"$(DERIVED_FILE_DIR)/Pods-MQTTClientOSXTests-checkManifestLockResult.txt",
			);
			runOnlyForDeploymentPostprocessing = 0;
			shellPath = /bin/sh;
			shellScript = "diff \"${PODS_PODFILE_DIR_PATH}/Podfile.lock\" \"${PODS_ROOT}/Manifest.lock\" > /dev/null\nif [ $? != 0 ] ; then\n    # print error to STDERR\n    echo \"error: The sandbox is not in sync with the Podfile.lock. Run 'pod install' or update your CocoaPods installation.\" >&2\n    exit 1\nfi\n# This output is used by Xcode 'outputs' to avoid re-running this script phase.\necho \"SUCCESS\" > \"${SCRIPT_OUTPUT_FILE_0}\"\n";
			showEnvVarsInLog = 0;
		};
		87F45311A4E3FA1205D23D4D /* [CP] Check Pods Manifest.lock */ = {
			isa = PBXShellScriptBuildPhase;
			buildActionMask = 2147483647;
			files = (
			);
			inputFileListPaths = (
			);
			inputPaths = (
				"${PODS_PODFILE_DIR_PATH}/Podfile.lock",
				"${PODS_ROOT}/Manifest.lock",
			);
			name = "[CP] Check Pods Manifest.lock";
			outputFileListPaths = (
			);
			outputPaths = (
				"$(DERIVED_FILE_DIR)/Pods-MQTTClientNativeTests-checkManifestLockResult.txt",
			);
			runOnlyForDeploymentPostprocessing = 0;
			shellPath = /bin/sh;
			shellScript = "diff \"${PODS_PODFILE_DIR_PATH}/Podfile.lock\" \"${PODS_ROOT}/Manifest.lock\" > /dev/null\nif [ $? != 0 ] ; then\n    # print error to STDERR\n    echo \"error: The sandbox is not in sync with the Podfile.lock. Run 'pod install' or update your CocoaPods installation.\" >&2\n    exit 1\nfi\n# This output is used by Xcode 'outputs' to avoid re-running this script phase.\necho \"SUCCESS\" > \"${SCRIPT_OUTPUT_FILE_0}\"\n";
			showEnvVarsInLog = 0;
		};
/* End PBXShellScriptBuildPhase section */

/* Begin PBXSourcesBuildPhase section */
		8407162E1BBEF13A00FBB3CB /* Sources */ = {
			isa = PBXSourcesBuildPhase;
			buildActionMask = 2147483647;
			files = (
				84C52C14210750AE00C7BDDE /* MQTTv5TopicAliases.m in Sources */,
				84C845A61BDD8DE300FEC354 /* MQTTTestFlows.m in Sources */,
				840716531BBEF19E00FBB3CB /* MQTTClientTests.m in Sources */,
				842AF2AA1ECF297C000F77D8 /* MQTTv5Tests.m in Sources */,
				840716541BBEF19E00FBB3CB /* MQTTTestMultiThreading.m in Sources */,
				84467D9D20D0ED400085C314 /* MQTTv5SessionExpiry.m in Sources */,
				840716551BBEF19E00FBB3CB /* MQTTACLTests.m in Sources */,
				8489531820DE76620014055D /* MQTTv5SubscriptionIdentifiers.m in Sources */,
				8459F18222187CBA0047A1BE /* MQTTv5SharedSubcriptions.m in Sources */,
				840716561BBEF19E00FBB3CB /* MQTTClientOnlyTests.m in Sources */,
				C7515EB91F4C51A60071CFFE /* ReconnectTimerTests.m in Sources */,
				C74489981FA74D58002751B2 /* MQTTSessionTests.m in Sources */,
				840716581BBEF19E00FBB3CB /* MQTTClientPublishTests.m in Sources */,
				84C294AF25A3527C00C25CEA /* MQTTTLSTests.m in Sources */,
				84FED2171C35515800741A77 /* MQTTClientSubscriptionTests.m in Sources */,
				84C52C0E21062A7F00C7BDDE /* MQTTv5SubscriptionOptions.m in Sources */,
				8489531220DAB8930014055D /* MQTTv5ExtendedAuth.m in Sources */,
				840716591BBEF19E00FBB3CB /* MQTTTestSessionManager.m in Sources */,
				84517CF61C182F06006FE09B /* MQTTTestHelpers.m in Sources */,
			);
			runOnlyForDeploymentPostprocessing = 0;
		};
		84BC2AD91FFF653C0089EC95 /* Sources */ = {
			isa = PBXSourcesBuildPhase;
			buildActionMask = 2147483647;
			files = (
				84B0CDA323994BA700CE9305 /* MQTTNWTransport.m in Sources */,
				841D3521209A12040084FCD0 /* main.m in Sources */,
				841D3510209A11F20084FCD0 /* MQTTTransport.m in Sources */,
				841D3518209A11F20084FCD0 /* MQTTDecoder.m in Sources */,
				841D3519209A11F20084FCD0 /* MQTTProperties.m in Sources */,
				841D351A209A11F20084FCD0 /* MQTTWill.m in Sources */,
				841D351B209A11F20084FCD0 /* MQTTMessage.m in Sources */,
				841D351C209A11F20084FCD0 /* MQTTSession.m in Sources */,
				841D351D209A11F20084FCD0 /* MQTTCoreDataPersistence.m in Sources */,
				841D351E209A11F20084FCD0 /* MQTTInMemoryPersistence.m in Sources */,
				841D351F209A11F20084FCD0 /* MQTTLog.m in Sources */,
				841D3520209A11F20084FCD0 /* MQTTStrict.m in Sources */,
			);
			runOnlyForDeploymentPostprocessing = 0;
		};
		84C386B62549E5A600177792 /* Sources */ = {
			isa = PBXSourcesBuildPhase;
			buildActionMask = 2147483647;
			files = (
				847FB2652549EA11001963B6 /* MQTTv5SubscriptionOptions.m in Sources */,
				847FB28A2549EA1E001963B6 /* MQTTv5TopicAliases.m in Sources */,
				847FB2252549E9F7001963B6 /* MQTTTestFlows.m in Sources */,
				847FB2932549EA21001963B6 /* ReconnectTimerTests.m in Sources */,
				847FB22E2549E9FB001963B6 /* MQTTClientSubscriptionTests.m in Sources */,
				847FB24A2549EA09001963B6 /* MQTTClientPublishTests.m in Sources */,
				847FB29C2549EA23001963B6 /* MQTTSessionTests.m in Sources */,
				84C386E22549E5FD00177792 /* MQTTClientTests.m in Sources */,
				84C386D72549E5F300177792 /* MQTTTestHelpers.m in Sources */,
				847FB2772549EA16001963B6 /* MQTTv5SubscriptionIdentifiers.m in Sources */,
				847FB26E2549EA13001963B6 /* MQTTv5SessionExpiry.m in Sources */,
				847FB2382549EA03001963B6 /* MQTTACLTests.m in Sources */,
				847FB2412549EA06001963B6 /* MQTTClientOnlyTests.m in Sources */,
				84C294AD25A3527C00C25CEA /* MQTTTLSTests.m in Sources */,
				847FB2802549EA19001963B6 /* MQTTv5SharedSubcriptions.m in Sources */,
				847FB2372549EA00001963B6 /* MQTTTestMultiThreading.m in Sources */,
				847FB2532549EA0B001963B6 /* MQTTTestSessionManager.m in Sources */,
				847FB25C2549EA0E001963B6 /* MQTTv5ExtendedAuth.m in Sources */,
				847FB2892549EA1B001963B6 /* MQTTv5Tests.m in Sources */,
			);
			runOnlyForDeploymentPostprocessing = 0;
		};
/* End PBXSourcesBuildPhase section */

/* Begin PBXVariantGroup section */
		846191461883E56800101409 /* InfoPlist.strings */ = {
			isa = PBXVariantGroup;
			children = (
				846191471883E56800101409 /* en */,
			);
			name = InfoPlist.strings;
			sourceTree = "<group>";
		};
/* End PBXVariantGroup section */

/* Begin XCBuildConfiguration section */
		8407163B1BBEF13A00FBB3CB /* Debug */ = {
			isa = XCBuildConfiguration;
			baseConfigurationReference = 1F99A03C2C01122FA52BF2E2 /* Pods-MQTTClientOSXTests.debug.xcconfig */;
			buildSettings = {
				CLANG_WARN_UNREACHABLE_CODE = YES;
				CODE_SIGN_IDENTITY = "Apple Development";
				CODE_SIGN_STYLE = Automatic;
				COMBINE_HIDPI_IMAGES = YES;
				DEAD_CODE_STRIPPING = YES;
				DEBUG_INFORMATION_FORMAT = dwarf;
				ENABLE_STRICT_OBJC_MSGSEND = YES;
				GCC_NO_COMMON_BLOCKS = YES;
				GCC_PREPROCESSOR_DEFINITIONS = "$(inherited)";
				GCC_WARN_UNINITIALIZED_AUTOS = YES_AGGRESSIVE;
				INFOPLIST_FILE = MQTTClientOSXTests/Info.plist;
				LD_RUNPATH_SEARCH_PATHS = (
					"$(inherited)",
					"@executable_path/../Frameworks",
					"@loader_path/../Frameworks",
				);
				MACOSX_DEPLOYMENT_TARGET = 12.4;
				MTL_ENABLE_DEBUG_INFO = YES;
				OTHER_CFLAGS = (
					"$(inherited)",
					"-iquote",
					"\"$PODS_CONFIGURATION_BUILD_DIR/CocoaLumberjack-OSX/CocoaLumberjack.framework/Headers\"",
					"-iquote",
					"\"$PODS_CONFIGURATION_BUILD_DIR/MQTTClient-OSX/MQTTClient.framework/Headers\"",
					"-iquote",
					"-DLUMBERJACK=1",
				);
				OTHER_LDFLAGS = "$(inherited)";
				PRODUCT_BUNDLE_IDENTIFIER = org.owntracks.MQTTClientOSXTests;
				PRODUCT_NAME = "$(TARGET_NAME)";
				PROVISIONING_PROFILE_SPECIFIER = "";
				SDKROOT = macosx;
				SUPPORTED_PLATFORMS = macosx;
				SWIFT_OBJC_BRIDGING_HEADER = "MQTTClientTests/MQTTClientTests-Bridging-Header.h";
				SWIFT_VERSION = 5.0;
			};
			name = Debug;
		};
		8407163C1BBEF13A00FBB3CB /* Release */ = {
			isa = XCBuildConfiguration;
			baseConfigurationReference = 1B4E589454DB2F55507EF5BD /* Pods-MQTTClientOSXTests.release.xcconfig */;
			buildSettings = {
				CLANG_WARN_UNREACHABLE_CODE = YES;
				CODE_SIGN_IDENTITY = "Apple Development";
				CODE_SIGN_STYLE = Automatic;
				COMBINE_HIDPI_IMAGES = YES;
				COPY_PHASE_STRIP = NO;
				DEAD_CODE_STRIPPING = YES;
				DEBUG_INFORMATION_FORMAT = "dwarf-with-dsym";
				ENABLE_STRICT_OBJC_MSGSEND = YES;
				GCC_NO_COMMON_BLOCKS = YES;
				GCC_PREPROCESSOR_DEFINITIONS = "$(inherited)";
				GCC_WARN_UNINITIALIZED_AUTOS = YES_AGGRESSIVE;
				INFOPLIST_FILE = MQTTClientOSXTests/Info.plist;
				LD_RUNPATH_SEARCH_PATHS = (
					"$(inherited)",
					"@executable_path/../Frameworks",
					"@loader_path/../Frameworks",
				);
				MACOSX_DEPLOYMENT_TARGET = 12.4;
				MTL_ENABLE_DEBUG_INFO = NO;
				OTHER_CFLAGS = (
					"$(inherited)",
					"-iquote",
					"\"$PODS_CONFIGURATION_BUILD_DIR/CocoaLumberjack-OSX/CocoaLumberjack.framework/Headers\"",
					"-iquote",
					"\"$PODS_CONFIGURATION_BUILD_DIR/MQTTClient-OSX/MQTTClient.framework/Headers\"",
					"-iquote",
					"-DLUMBERJACK=1",
				);
				OTHER_LDFLAGS = "$(inherited)";
				PRODUCT_BUNDLE_IDENTIFIER = org.owntracks.MQTTClientOSXTests;
				PRODUCT_NAME = "$(TARGET_NAME)";
				PROVISIONING_PROFILE_SPECIFIER = "";
				SDKROOT = macosx;
				SUPPORTED_PLATFORMS = macosx;
				SWIFT_OBJC_BRIDGING_HEADER = "MQTTClientTests/MQTTClientTests-Bridging-Header.h";
				SWIFT_VERSION = 5.0;
			};
			name = Release;
		};
		8461914B1883E56800101409 /* Debug */ = {
			isa = XCBuildConfiguration;
			buildSettings = {
				ALWAYS_SEARCH_USER_PATHS = NO;
				CLANG_ANALYZER_LOCALIZABILITY_NONLOCALIZED = YES;
				CLANG_CXX_LANGUAGE_STANDARD = "gnu++0x";
				CLANG_CXX_LIBRARY = "libc++";
				CLANG_ENABLE_MODULES = YES;
				CLANG_ENABLE_OBJC_ARC = YES;
				CLANG_WARN_BLOCK_CAPTURE_AUTORELEASING = YES;
				CLANG_WARN_BOOL_CONVERSION = YES;
				CLANG_WARN_COMMA = YES;
				CLANG_WARN_CONSTANT_CONVERSION = YES;
				CLANG_WARN_DEPRECATED_OBJC_IMPLEMENTATIONS = YES;
				CLANG_WARN_DIRECT_OBJC_ISA_USAGE = YES_ERROR;
				CLANG_WARN_EMPTY_BODY = YES;
				CLANG_WARN_ENUM_CONVERSION = YES;
				CLANG_WARN_INFINITE_RECURSION = YES;
				CLANG_WARN_INT_CONVERSION = YES;
				CLANG_WARN_NON_LITERAL_NULL_CONVERSION = YES;
				CLANG_WARN_OBJC_IMPLICIT_RETAIN_SELF = YES;
				CLANG_WARN_OBJC_LITERAL_CONVERSION = YES;
				CLANG_WARN_OBJC_ROOT_CLASS = YES_ERROR;
				CLANG_WARN_QUOTED_INCLUDE_IN_FRAMEWORK_HEADER = YES;
				CLANG_WARN_RANGE_LOOP_ANALYSIS = YES;
				CLANG_WARN_STRICT_PROTOTYPES = YES;
				CLANG_WARN_SUSPICIOUS_MOVE = YES;
				CLANG_WARN_UNREACHABLE_CODE = YES;
				CLANG_WARN__DUPLICATE_METHOD_MATCH = YES;
				COPY_PHASE_STRIP = NO;
				DEVELOPMENT_TEAM = C652JFWU23;
				ENABLE_STRICT_OBJC_MSGSEND = YES;
				ENABLE_TESTABILITY = YES;
				ENABLE_USER_SCRIPT_SANDBOXING = NO;
				GCC_C_LANGUAGE_STANDARD = gnu99;
				GCC_DYNAMIC_NO_PIC = NO;
				GCC_NO_COMMON_BLOCKS = YES;
				GCC_OPTIMIZATION_LEVEL = 0;
				GCC_PREPROCESSOR_DEFINITIONS = (
					"DEBUG=1",
					"$(inherited)",
				);
				GCC_SYMBOLS_PRIVATE_EXTERN = NO;
				GCC_WARN_64_TO_32_BIT_CONVERSION = YES;
				GCC_WARN_ABOUT_RETURN_TYPE = YES_ERROR;
				GCC_WARN_UNDECLARED_SELECTOR = YES;
				GCC_WARN_UNINITIALIZED_AUTOS = YES;
				GCC_WARN_UNUSED_FUNCTION = YES;
				GCC_WARN_UNUSED_VARIABLE = YES;
				IPHONEOS_DEPLOYMENT_TARGET = 13.2;
				MACOSX_DEPLOYMENT_TARGET = 10.15;
				ONLY_ACTIVE_ARCH = YES;
				SDKROOT = iphoneos;
			};
			name = Debug;
		};
		8461914C1883E56800101409 /* Release */ = {
			isa = XCBuildConfiguration;
			buildSettings = {
				ALWAYS_SEARCH_USER_PATHS = NO;
				CLANG_ANALYZER_LOCALIZABILITY_NONLOCALIZED = YES;
				CLANG_CXX_LANGUAGE_STANDARD = "gnu++0x";
				CLANG_CXX_LIBRARY = "libc++";
				CLANG_ENABLE_MODULES = YES;
				CLANG_ENABLE_OBJC_ARC = YES;
				CLANG_WARN_BLOCK_CAPTURE_AUTORELEASING = YES;
				CLANG_WARN_BOOL_CONVERSION = YES;
				CLANG_WARN_COMMA = YES;
				CLANG_WARN_CONSTANT_CONVERSION = YES;
				CLANG_WARN_DEPRECATED_OBJC_IMPLEMENTATIONS = YES;
				CLANG_WARN_DIRECT_OBJC_ISA_USAGE = YES_ERROR;
				CLANG_WARN_EMPTY_BODY = YES;
				CLANG_WARN_ENUM_CONVERSION = YES;
				CLANG_WARN_INFINITE_RECURSION = YES;
				CLANG_WARN_INT_CONVERSION = YES;
				CLANG_WARN_NON_LITERAL_NULL_CONVERSION = YES;
				CLANG_WARN_OBJC_IMPLICIT_RETAIN_SELF = YES;
				CLANG_WARN_OBJC_LITERAL_CONVERSION = YES;
				CLANG_WARN_OBJC_ROOT_CLASS = YES_ERROR;
				CLANG_WARN_QUOTED_INCLUDE_IN_FRAMEWORK_HEADER = YES;
				CLANG_WARN_RANGE_LOOP_ANALYSIS = YES;
				CLANG_WARN_STRICT_PROTOTYPES = YES;
				CLANG_WARN_SUSPICIOUS_MOVE = YES;
				CLANG_WARN_UNREACHABLE_CODE = YES;
				CLANG_WARN__DUPLICATE_METHOD_MATCH = YES;
				COPY_PHASE_STRIP = YES;
				DEVELOPMENT_TEAM = C652JFWU23;
				ENABLE_NS_ASSERTIONS = NO;
				ENABLE_STRICT_OBJC_MSGSEND = YES;
				ENABLE_USER_SCRIPT_SANDBOXING = NO;
				GCC_C_LANGUAGE_STANDARD = gnu99;
				GCC_NO_COMMON_BLOCKS = YES;
				GCC_WARN_64_TO_32_BIT_CONVERSION = YES;
				GCC_WARN_ABOUT_RETURN_TYPE = YES_ERROR;
				GCC_WARN_UNDECLARED_SELECTOR = YES;
				GCC_WARN_UNINITIALIZED_AUTOS = YES;
				GCC_WARN_UNUSED_FUNCTION = YES;
				GCC_WARN_UNUSED_VARIABLE = YES;
				IPHONEOS_DEPLOYMENT_TARGET = 13.2;
				MACOSX_DEPLOYMENT_TARGET = 10.15;
				SDKROOT = iphoneos;
				SWIFT_COMPILATION_MODE = wholemodule;
				SWIFT_OPTIMIZATION_LEVEL = "-O";
				VALIDATE_PRODUCT = YES;
			};
			name = Release;
		};
		84BC2AE21FFF653C0089EC95 /* Debug */ = {
			isa = XCBuildConfiguration;
			buildSettings = {
				CLANG_ANALYZER_NONNULL = YES;
				CLANG_ANALYZER_NUMBER_OBJECT_CONVERSION = YES_AGGRESSIVE;
				CLANG_CXX_LANGUAGE_STANDARD = "gnu++14";
				CLANG_WARN_DOCUMENTATION_COMMENTS = YES;
				CLANG_WARN_UNGUARDED_AVAILABILITY = YES_AGGRESSIVE;
				CODE_SIGN_IDENTITY = "Mac Developer";
				CODE_SIGN_STYLE = Automatic;
				DEAD_CODE_STRIPPING = YES;
				DEBUG_INFORMATION_FORMAT = dwarf;
				ENABLE_HARDENED_RUNTIME = YES;
				GCC_C_LANGUAGE_STANDARD = gnu11;
				GCC_WARN_UNINITIALIZED_AUTOS = YES_AGGRESSIVE;
				MACOSX_DEPLOYMENT_TARGET = 12.4;
				MTL_ENABLE_DEBUG_INFO = YES;
				PRODUCT_NAME = "$(TARGET_NAME)";
				SDKROOT = macosx;
			};
			name = Debug;
		};
		84BC2AE31FFF653C0089EC95 /* Release */ = {
			isa = XCBuildConfiguration;
			buildSettings = {
				CLANG_ANALYZER_NONNULL = YES;
				CLANG_ANALYZER_NUMBER_OBJECT_CONVERSION = YES_AGGRESSIVE;
				CLANG_CXX_LANGUAGE_STANDARD = "gnu++14";
				CLANG_WARN_DOCUMENTATION_COMMENTS = YES;
				CLANG_WARN_UNGUARDED_AVAILABILITY = YES_AGGRESSIVE;
				CODE_SIGN_IDENTITY = "Mac Developer";
				CODE_SIGN_STYLE = Automatic;
				COPY_PHASE_STRIP = NO;
				DEAD_CODE_STRIPPING = YES;
				DEBUG_INFORMATION_FORMAT = "dwarf-with-dsym";
				ENABLE_HARDENED_RUNTIME = YES;
				GCC_C_LANGUAGE_STANDARD = gnu11;
				GCC_WARN_UNINITIALIZED_AUTOS = YES_AGGRESSIVE;
				MACOSX_DEPLOYMENT_TARGET = 12.4;
				MTL_ENABLE_DEBUG_INFO = NO;
				PRODUCT_NAME = "$(TARGET_NAME)";
				SDKROOT = macosx;
			};
			name = Release;
		};
		84C386C22549E5A600177792 /* Debug */ = {
			isa = XCBuildConfiguration;
			baseConfigurationReference = D63E07FEFC53F943FEA88BDF /* Pods-MQTTClientNativeTests.debug.xcconfig */;
			buildSettings = {
				CLANG_ANALYZER_NONNULL = YES;
				CLANG_ANALYZER_NUMBER_OBJECT_CONVERSION = YES_AGGRESSIVE;
				CLANG_CXX_LANGUAGE_STANDARD = "gnu++14";
				CLANG_ENABLE_OBJC_WEAK = YES;
				CLANG_WARN_DOCUMENTATION_COMMENTS = YES;
				CLANG_WARN_UNGUARDED_AVAILABILITY = YES_AGGRESSIVE;
				CODE_SIGN_STYLE = Automatic;
				DEBUG_INFORMATION_FORMAT = dwarf;
				GCC_C_LANGUAGE_STANDARD = gnu11;
				GCC_WARN_UNINITIALIZED_AUTOS = YES_AGGRESSIVE;
				INFOPLIST_FILE = MQTTClientNativeTests/Info.plist;
				IPHONEOS_DEPLOYMENT_TARGET = 16.6;
				LD_RUNPATH_SEARCH_PATHS = (
					"$(inherited)",
					"@executable_path/Frameworks",
					"@loader_path/Frameworks",
				);
				MACOSX_DEPLOYMENT_TARGET = 11.0;
				MTL_ENABLE_DEBUG_INFO = INCLUDE_SOURCE;
				MTL_FAST_MATH = YES;
				PRODUCT_BUNDLE_IDENTIFIER = de.ckrey.MQTTClientNativeTests;
				PRODUCT_NAME = "$(TARGET_NAME)";
				SWIFT_VERSION = 5.0;
				TARGETED_DEVICE_FAMILY = "1,2";
			};
			name = Debug;
		};
		84C386C32549E5A600177792 /* Release */ = {
			isa = XCBuildConfiguration;
			baseConfigurationReference = 2A9F9A6980FED986C85AB7CA /* Pods-MQTTClientNativeTests.release.xcconfig */;
			buildSettings = {
				CLANG_ANALYZER_NONNULL = YES;
				CLANG_ANALYZER_NUMBER_OBJECT_CONVERSION = YES_AGGRESSIVE;
				CLANG_CXX_LANGUAGE_STANDARD = "gnu++14";
				CLANG_ENABLE_OBJC_WEAK = YES;
				CLANG_WARN_DOCUMENTATION_COMMENTS = YES;
				CLANG_WARN_UNGUARDED_AVAILABILITY = YES_AGGRESSIVE;
				CODE_SIGN_STYLE = Automatic;
				COPY_PHASE_STRIP = NO;
				DEBUG_INFORMATION_FORMAT = "dwarf-with-dsym";
				GCC_C_LANGUAGE_STANDARD = gnu11;
				GCC_WARN_UNINITIALIZED_AUTOS = YES_AGGRESSIVE;
				INFOPLIST_FILE = MQTTClientNativeTests/Info.plist;
				IPHONEOS_DEPLOYMENT_TARGET = 16.6;
				LD_RUNPATH_SEARCH_PATHS = (
					"$(inherited)",
					"@executable_path/Frameworks",
					"@loader_path/Frameworks",
				);
				MACOSX_DEPLOYMENT_TARGET = 11.0;
				MTL_ENABLE_DEBUG_INFO = NO;
				MTL_FAST_MATH = YES;
				PRODUCT_BUNDLE_IDENTIFIER = de.ckrey.MQTTClientNativeTests;
				PRODUCT_NAME = "$(TARGET_NAME)";
				SWIFT_VERSION = 5.0;
				TARGETED_DEVICE_FAMILY = "1,2";
			};
			name = Release;
		};
/* End XCBuildConfiguration section */

/* Begin XCConfigurationList section */
		8407163A1BBEF13A00FBB3CB /* Build configuration list for PBXNativeTarget "MQTTClientOSXTests" */ = {
			isa = XCConfigurationList;
			buildConfigurations = (
				8407163B1BBEF13A00FBB3CB /* Debug */,
				8407163C1BBEF13A00FBB3CB /* Release */,
			);
			defaultConfigurationIsVisible = 0;
			defaultConfigurationName = Release;
		};
		846191251883E56800101409 /* Build configuration list for PBXProject "MQTTClient" */ = {
			isa = XCConfigurationList;
			buildConfigurations = (
				8461914B1883E56800101409 /* Debug */,
				8461914C1883E56800101409 /* Release */,
			);
			defaultConfigurationIsVisible = 0;
			defaultConfigurationName = Release;
		};
		84BC2AE11FFF653C0089EC95 /* Build configuration list for PBXNativeTarget "mqttcs" */ = {
			isa = XCConfigurationList;
			buildConfigurations = (
				84BC2AE21FFF653C0089EC95 /* Debug */,
				84BC2AE31FFF653C0089EC95 /* Release */,
			);
			defaultConfigurationIsVisible = 0;
			defaultConfigurationName = Release;
		};
		84C386C42549E5A600177792 /* Build configuration list for PBXNativeTarget "MQTTClientNativeTests" */ = {
			isa = XCConfigurationList;
			buildConfigurations = (
				84C386C22549E5A600177792 /* Debug */,
				84C386C32549E5A600177792 /* Release */,
			);
			defaultConfigurationIsVisible = 0;
			defaultConfigurationName = Release;
		};
/* End XCConfigurationList section */
	};
	rootObject = 846191221883E56800101409 /* Project object */;
}
