PODS:
  - mqttc (5.0.0):
    - mqttc/Core (= 5.0.0)
  - mqttc/Core (5.0.0):
    - mqttc/Manager
    - mqttc/Min
  - mqttc/Manager (5.0.0):
    - mqttc/Min
  - mqttc/Min (5.0.0)

DEPENDENCIES:
  - mqttc (from `..`)

EXTERNAL SOURCES:
  mqttc:
    :path: ..

SPEC CHECKSUMS:
  mqttc: 70765e3add951d9d307399fb2fea985aa04c903d

PODFILE CHECKSUM: 82146eace2f2cff725f3739bc53e0072d7c1e1b1

COCOAPODS: 1.4.0.beta.1
