PODS:
  - mqttc (0.9.9):
    - mqttc/Core (= 0.9.9)
  - mqttc/Core (0.9.9):
    - mqttc/Manager
    - mqttc/Min
  - mqttc/Manager (0.9.9):
    - mqttc/Min
  - mqttc/Min (0.9.9)

DEPENDENCIES:
  - mqttc (from `..`)

EXTERNAL SOURCES:
  mqttc:
    :path: ..

SPEC CHECKSUMS:
  mqttc: 59eaa5525e3a6d5d8b4c18250b3ae344d487241e

PODFILE CHECKSUM: 82146eace2f2cff725f3739bc53e0072d7c1e1b1

COCOAPODS: 1.3.1
