PODS:
  - CocoaLumberjack (3.6.2):
    - CocoaLumberjack/Core (= 3.6.2)
  - CocoaLumberjack/Core (3.6.2)
  - mqttc/ManagerL (13.3.1):
    - mqttc/MinL
  - mqttc/MinL (13.3.1):
    - CocoaLumberjack

DEPENDENCIES:
  - CocoaLumberjack
  - mqttc/ManagerL (from `..`)
  - mqttc/MinL (from `..`)

SPEC REPOS:
  https://github.com/CocoaPods/Specs.git:
    - CocoaLumberjack

EXTERNAL SOURCES:
  mqttc:
    :path: ".."

SPEC CHECKSUMS:
  CocoaLumberjack: bd155f2dd06c0e0b03f876f7a3ee55693122ec94
  mqttc: a7b5f9bf3fe998248d3f6edcb3991c69665adc18

PODFILE CHECKSUM: 41264181f3824082970cae694f4150ef23a0f636

COCOAPODS: 1.8.4
