PODS:
  - CocoaLumberjack (3.8.5):
    - CocoaLumberjack/Core (= 3.8.5)
  - CocoaLumberjack/Core (3.8.5)
  - mqttc/ManagerL (26.0.0):
    - mqttc/MinL
  - mqttc/MinL (26.0.0):
    - CocoaLumberjack

DEPENDENCIES:
  - CocoaLumberjack
  - mqttc/ManagerL (from `..`)
  - mqttc/MinL (from `..`)

SPEC REPOS:
  https://github.com/CocoaPods/Specs.git:
    - CocoaLumberjack

EXTERNAL SOURCES:
  mqttc:
    :path: ".."

SPEC CHECKSUMS:
  CocoaLumberjack: 6a459bc897d6d80bd1b8c78482ec7ad05dffc3f0
  mqttc: 19b57d2b680396670fb01e8febf37b9bde99a9d8

PODFILE CHECKSUM: e1389c6492641fdbc43b2e99ed582c8b6f0317a4

COCOAPODS: 1.12.1
