PODS:
  - CocoaLumberjack (3.9.0):
    - CocoaLumberjack/Core (= 3.9.0)
  - CocoaLumberjack/Core (3.9.0)
  - mqttc/ManagerL (18.0.3):
    - mqttc/MinL
  - mqttc/MinL (18.0.3):
    - CocoaLumberjack

DEPENDENCIES:
  - CocoaLumberjack
  - mqttc/ManagerL (from `..`)
  - mqttc/MinL (from `..`)

SPEC REPOS:
  https://github.com/CocoaPods/Specs.git:
    - CocoaLumberjack

EXTERNAL SOURCES:
  mqttc:
    :path: ".."

SPEC CHECKSUMS:
  CocoaLumberjack: 5644158777912b7de7469fa881f8a3f259c2512a
  mqttc: 6a7dbb89d727a8d071f0dcbe74ffaef01fd548eb

PODFILE CHECKSUM: 9a78dd4fb6813ce810d9394c30d27bc895754a6d

COCOAPODS: 1.16.2
